version = 1
revision = 3
requires-python = "==3.9.*"

[[package]]
name = "attrs"
version = "21.4.0"
source = { registry = "https://pypi.org/simple" }
sdist = { url = "https://files.pythonhosted.org/packages/d7/77/ebb15fc26d0f815839ecd897b919ed6d85c050feeb83e100e020df9153d2/attrs-21.4.0.tar.gz", hash = "sha256:626ba8234211db98e869df76230a137c4c40a12d72445c45d5f5b716f076e2fd", size = 201839, upload-time = "2021-12-29T13:15:09.056Z" }
wheels = [
    { url = "https://files.pythonhosted.org/packages/be/be/7abce643bfdf8ca01c48afa2ddf8308c2308b0c3b239a44e57d020afa0ef/attrs-21.4.0-py2.py3-none-any.whl", hash = "sha256:2d27e3784d7a565d36ab851fe94887c5eccd6a463168875832a1be79c82828b4", size = 60567, upload-time = "2021-12-29T13:15:06.703Z" },
]

[[package]]
name = "iniconfig"
version = "1.1.1"
source = { registry = "https://pypi.org/simple" }
sdist = { url = "https://files.pythonhosted.org/packages/23/a2/97899f6bd0e873fed3a7e67ae8d3a08b21799430fb4da15cfedf10d6e2c2/iniconfig-1.1.1.tar.gz", hash = "sha256:bc3af051d7d14b2ee5ef9969666def0cd1a000e121eaea580d4a313df4b37f32", size = 8104, upload-time = "2020-10-14T10:20:18.572Z" }
wheels = [
    { url = "https://files.pythonhosted.org/packages/9b/dd/b3c12c6d707058fa947864b67f0c4e0c39ef8610988d7baea9578f3c48f3/iniconfig-1.1.1-py2.py3-none-any.whl", hash = "sha256:011e24c64b7f47f6ebd835bb12a743f2fbe9a26d4cecaa7f53bc4f35ee9da8b3", size = 4990, upload-time = "2020-10-16T17:37:23.05Z" },
]

[[package]]
name = "packaging"
version = "21.3"
source = { registry = "https://pypi.org/simple" }
dependencies = [
    { name = "pyparsing" },
]
sdist = { url = "https://files.pythonhosted.org/packages/df/9e/d1a7217f69310c1db8fdf8ab396229f55a699ce34a203691794c5d1cad0c/packaging-21.3.tar.gz", hash = "sha256:dd47c42927d89ab911e606518907cc2d3a1f38bbd026385970643f9c5b8ecfeb", size = 84848, upload-time = "2021-11-18T00:39:13.586Z" }
wheels = [
    { url = "https://files.pythonhosted.org/packages/05/8e/8de486cbd03baba4deef4142bd643a3e7bbe954a784dc1bb17142572d127/packaging-21.3-py3-none-any.whl", hash = "sha256:ef103e05f519cdc783ae24ea4e2e0f508a9c99b2d4969652eed6a2e1ea5bd522", size = 40750, upload-time = "2021-11-18T00:39:10.932Z" },
]

[[package]]
name = "pluggy"
version = "1.0.0"
source = { registry = "https://pypi.org/simple" }
sdist = { url = "https://files.pythonhosted.org/packages/a1/16/db2d7de3474b6e37cbb9c008965ee63835bba517e22cdb8c35b5116b5ce1/pluggy-1.0.0.tar.gz", hash = "sha256:4224373bacce55f955a878bf9cfa763c1e360858e330072059e10bad68531159", size = 51510, upload-time = "2021-08-25T16:26:02.196Z" }
wheels = [
    { url = "https://files.pythonhosted.org/packages/9e/01/f38e2ff29715251cf25532b9082a1589ab7e4f571ced434f98d0139336dc/pluggy-1.0.0-py2.py3-none-any.whl", hash = "sha256:74134bbf457f031a36d68416e1509f34bd5ccc019f0bcc952c7b909d06b37bd3", size = 13667, upload-time = "2021-08-25T16:25:59.674Z" },
]

[[package]]
name = "py"
version = "1.11.0"
source = { registry = "https://pypi.org/simple" }
sdist = { url = "https://files.pythonhosted.org/packages/98/ff/fec109ceb715d2a6b4c4a85a61af3b40c723a961e8828319fbcb15b868dc/py-1.11.0.tar.gz", hash = "sha256:51c75c4126074b472f746a24399ad32f6053d1b34b68d2fa41e558e6f4a98719", size = 207796, upload-time = "2021-11-04T17:17:01.377Z" }
wheels = [
    { url = "https://files.pythonhosted.org/packages/f6/f0/10642828a8dfb741e5f3fbaac830550a518a775c7fff6f04a007259b0548/py-1.11.0-py2.py3-none-any.whl", hash = "sha256:607c53218732647dff4acdfcd50cb62615cedf612e72d1724fb1a0cc6405b378", size = 98708, upload-time = "2021-11-04T17:17:00.152Z" },
]

[[package]]
name = "pyparsing"
version = "3.0.8"
source = { registry = "https://pypi.org/simple" }
sdist = { url = "https://files.pythonhosted.org/packages/31/df/789bd0556e65cf931a5b87b603fcf02f79ff04d5379f3063588faaf9c1e4/pyparsing-3.0.8.tar.gz", hash = "sha256:7bf433498c016c4314268d95df76c81b842a4cb2b276fa3312cfb1e1d85f6954", size = 1971138, upload-time = "2022-04-10T03:19:11.591Z" }
wheels = [
    { url = "https://files.pythonhosted.org/packages/d9/41/d9cfb4410589805cd787f8a82cddd13142d9bf7449d12adf2d05a4a7d633/pyparsing-3.0.8-py3-none-any.whl", hash = "sha256:ef7b523f6356f763771559412c0d7134753f037822dad1b16945b7b846f7ad06", size = 98502, upload-time = "2022-04-10T03:19:08.832Z" },
]

[[package]]
name = "setuptools"
version = "60.10.0"
source = { registry = "https://pypi.org/simple" }
sdist = { url = "https://files.pythonhosted.org/packages/af/e8/894c71e914dfbe01276a42dfad40025cd96119f2eefc39c554b6e8b9df86/setuptools-60.10.0.tar.gz", hash = "sha256:6599055eeb23bfef457d5605d33a4d68804266e6cb430b0fb12417c5efeae36c", size = 2420706, upload-time = "2022-03-16T16:50:44.89Z" }
wheels = [
    { url = "https://files.pythonhosted.org/packages/7c/5b/3d92b9f0f7ca1645cba48c080b54fe7d8b1033a4e5720091d1631c4266db/setuptools-60.10.0-py3-none-any.whl", hash = "sha256:782ef48d58982ddb49920c11a0c5c9c0b02e7d7d1c2ad0aa44e1a1e133051c96", size = 1080910, upload-time = "2022-03-16T16:50:43.166Z" },
]

[[package]]
name = "setuptools-scm"
version = "6.4.2"
source = { registry = "https://pypi.org/simple" }
dependencies = [
    { name = "packaging" },
    { name = "setuptools" },
    { name = "tomli" },
]
sdist = { url = "https://files.pythonhosted.org/packages/4a/18/477d3d9eb2f88230ff2a41de9d8ffa3554b706352787d289f57f76bfba0b/setuptools_scm-6.4.2.tar.gz", hash = "sha256:6833ac65c6ed9711a4d5d2266f8024cfa07c533a0e55f4c12f6eff280a5a9e30", size = 61305, upload-time = "2022-01-19T10:42:57.842Z" }
wheels = [
    { url = "https://files.pythonhosted.org/packages/e3/e5/c28b544051340e63e0d507eb893c9513d3a300e5e9183e2990518acbfe36/setuptools_scm-6.4.2-py3-none-any.whl", hash = "sha256:acea13255093849de7ccb11af9e1fb8bde7067783450cee9ef7a93139bddf6d4", size = 37100, upload-time = "2022-01-19T10:42:56.561Z" },
]

[package.optional-dependencies]
toml = [
    { name = "setuptools" },
]

[[package]]
name = "tomli"
version = "2.0.1"
source = { registry = "https://pypi.org/simple" }
sdist = { url = "https://files.pythonhosted.org/packages/c0/3f/d7af728f075fb08564c5949a9c95e44352e23dee646869fa104a3b2060a3/tomli-2.0.1.tar.gz", hash = "sha256:de526c12914f0c550d15924c62d72abc48d6fe7364aa87328337a31007fe8a4f", size = 15164, upload-time = "2022-02-08T10:54:04.006Z" }
wheels = [
    { url = "https://files.pythonhosted.org/packages/97/75/10a9ebee3fd790d20926a90a2547f0bf78f371b2f13aa822c759680ca7b9/tomli-2.0.1-py3-none-any.whl", hash = "sha256:939de3e7a6161af0c887ef91b7d41a53e7c5a1ca976325f429cb46ea9bc30ecc", size = 12757, upload-time = "2022-02-08T10:54:02.017Z" },
]

[[package]]
name = "wheel"
version = "0.37.1"
source = { registry = "https://pypi.org/simple" }
sdist = { url = "https://files.pythonhosted.org/packages/c0/6c/9f840c2e55b67b90745af06a540964b73589256cb10cc10057c87ac78fc2/wheel-0.37.1.tar.gz", hash = "sha256:e9a504e793efbca1b8e0e9cb979a249cf4a0a7b5b8c9e8b65a5e39d49529c1c4", size = 66376, upload-time = "2021-12-22T12:22:02.135Z" }
wheels = [
    { url = "https://files.pythonhosted.org/packages/27/d6/003e593296a85fd6ed616ed962795b2f87709c3eee2bca4f6d0fe55c6d00/wheel-0.37.1-py2.py3-none-any.whl", hash = "sha256:4bdcd7d840138086126cd09254dc6195fb4fc6f01c050a1d7236f2630db1d22a", size = 35301, upload-time = "2021-12-22T12:22:00.742Z" },
]

[[package]]
name = "yada-benchmark-pytest-10051"
version = "0.0.0"
source = { virtual = "." }
dependencies = [
    { name = "attrs" },
    { name = "iniconfig" },
    { name = "packaging" },
    { name = "pluggy" },
    { name = "py" },
    { name = "pyparsing" },
    { name = "setuptools" },
    { name = "setuptools-scm", extra = ["toml"] },
    { name = "tomli" },
    { name = "wheel" },
]

[package.metadata]
requires-dist = [
    { name = "attrs", specifier = "==21.4.0" },
    { name = "iniconfig", specifier = "==1.1.1" },
    { name = "packaging", specifier = "==21.3" },
    { name = "pluggy", specifier = "==1.0.0" },
    { name = "py", specifier = "==1.11.0" },
    { name = "pyparsing", specifier = "==3.0.8" },
    { name = "setuptools", specifier = "==60.10.0" },
    { name = "setuptools-scm", extras = ["toml"], specifier = "==6.4.2" },
    { name = "tomli", specifier = "==2.0.1" },
    { name = "wheel", specifier = "==0.37.1" },
]
